
Microsoft Visual Studio Solution File, Format Version 12.00
# Visual Studio Version 17
VisualStudioVersion = 17.1.32407.343
MinimumVisualStudioVersion = 10.0.40219.1
Project("{FAE04EC0-301F-11D3-BF4B-00C04F79EFBC}") = "IntegrationTestMinimalAPI", "IntegrationTestMinimalAPI\IntegrationTestMinimalAPI.csproj", "{29A9EB25-9B9B-45C8-B555-AF92B17AEFA8}"
EndProject
Project("{FAE04EC0-301F-11D3-BF4B-00C04F79EFBC}") = "MinimalAPI.Test", "MinimalAPI.Test\MinimalAPI.Test.csproj", "{C9523810-712C-4A42-AD8C-BDFE41B06752}"
EndProject
Global
	GlobalSection(SolutionConfigurationPlatforms) = preSolution
		Debug|Any CPU = Debug|Any CPU
		Release|Any CPU = Release|Any CPU
	EndGlobalSection
	GlobalSection(ProjectConfigurationPlatforms) = postSolution
		{29A9EB25-9B9B-45C8-B555-AF92B17AEFA8}.Debug|Any CPU.ActiveCfg = Debug|Any CPU
		{29A9EB25-9B9B-45C8-B555-AF92B17AEFA8}.Debug|Any CPU.Build.0 = Debug|Any CPU
		{29A9EB25-9B9B-45C8-B555-AF92B17AEFA8}.Release|Any CPU.ActiveCfg = Release|Any CPU
		{29A9EB25-9B9B-45C8-B555-AF92B17AEFA8}.Release|Any CPU.Build.0 = Release|Any CPU
		{C9523810-712C-4A42-AD8C-BDFE41B06752}.Debug|Any CPU.ActiveCfg = Debug|Any CPU
		{C9523810-712C-4A42-AD8C-BDFE41B06752}.Debug|Any CPU.Build.0 = Debug|Any CPU
		{C9523810-712C-4A42-AD8C-BDFE41B06752}.Release|Any CPU.ActiveCfg = Release|Any CPU
		{C9523810-712C-4A42-AD8C-BDFE41B06752}.Release|Any CPU.Build.0 = Release|Any CPU
	EndGlobalSection
	GlobalSection(SolutionProperties) = preSolution
		HideSolutionNode = FALSE
	EndGlobalSection
	GlobalSection(ExtensibilityGlobals) = postSolution
		SolutionGuid = {DC3DDE56-FCD1-4033-9AE0-562D199027C7}
	EndGlobalSection
EndGlobal
